# THIS IS AN AUTOGENERATED FILE. DO NOT EDIT THIS FILE DIRECTLY.
# yarn lockfile v1


cross-fetch@^3.0.2:
  version "3.1.8"
  resolved "https://registry.npmjs.org/cross-fetch/-/cross-fetch-3.1.8.tgz"
  integrity sha512-cvA+JwZoU0Xq+h6WkMvAUqPEYy92Obet6UdKLfW60qn99ftItKjB5T+BkyWOFWe2pUyfQ+IJHmpOTznqk1M6Kg==
  dependencies:
    node-fetch "^2.6.12"

d3@^3.5.17:
  version "3.5.17"
  resolved "https://registry.npmjs.org/d3/-/d3-3.5.17.tgz"
  integrity sha512-yFk/2idb8OHPKkbAL8QaOaqENNoMhIaSHZerk3oQsECwkObkCpJyjYwCe+OHiq6UEdhe1m8ZGARRRO3ljFjlKg==

dotenv@^16.5.0:
  version "16.5.0"
  resolved "https://registry.npmjs.org/dotenv/-/dotenv-16.5.0.tgz"
  integrity sha512-m/C+AwOAr9/W1UOIZUo232ejMNnJAJtYQjUbHoNTBNTJSvqzzDh7vnrei3o3r3m9blf6ZoDkvcw0VmozNRFJxg==

es6-promise@^3.2.1:
  version "3.3.1"
  resolved "https://registry.npmjs.org/es6-promise/-/es6-promise-3.3.1.tgz"
  integrity sha512-SOp9Phqvqn7jtEUxPWdWfWoLmyt2VaJ6MpvP9Comy1MceMXqE6bxvaTu4iaxpYYPzhny28Lc+M87/c2cPK6lDg==

lodash@^4.17.23:
  version "4.17.23"
  resolved "https://registry.yarnpkg.com/lodash/-/lodash-4.17.23.tgz#f113b0378386103be4f6893388c73d0bde7f2c5a"
  integrity sha512-LgVTMpQtIopCi79SJeDiP0TfWi5CNEc/L/aRdTh3yIvmZXTnheWpKjSZhnvMl8iXbC1tFg9gdHHDMLoV7CnG+w==

mark.js@^8.11.1:
  version "8.11.1"
  resolved "https://registry.npmjs.org/mark.js/-/mark.js-8.11.1.tgz"
  integrity sha512-1I+1qpDt4idfgLQG+BNWmrqku+7/2bi5nLf4YwF8y8zXvmfiTBY3PV3ZibfrjBueCByROpuBjLLFCajqkgYoLQ==

mustache@^2.2.1:
  version "2.3.2"
  resolved "https://registry.npmjs.org/mustache/-/mustache-2.3.2.tgz"
  integrity sha512-KpMNwdQsYz3O/SBS1qJ/o3sqUJ5wSb8gb0pul8CO0S56b9Y2ALm8zCfsjPXsqGFfoNBkDwZuZIAjhsZI03gYVQ==

node-fetch@^2.6.12:
  version "2.6.12"
  resolved "https://registry.npmjs.org/node-fetch/-/node-fetch-2.6.12.tgz"
  integrity sha512-C/fGU2E8ToujUivIO0H+tpQ6HWo4eEmchoPIoXtxCrVghxdKq+QOHqEZW7tuP3KlV3bC8FRMO5nMCC7Zm1VP6g==
  dependencies:
    whatwg-url "^5.0.0"

normalize.css@3.0.3:
  version "3.0.3"
  resolved "https://registry.npmjs.org/normalize.css/-/normalize.css-3.0.3.tgz"
  integrity sha512-7OavvKXqPta8bgGhWzcUOnZ9KCkANYzbq4ytNKgNeFRTaz3KAm1eGUQ/vyAeVjlDXjolsbYREctuzyQytCDiBA==

"plottable@https://github.com/palantir/plottable.git#3038243c9":
  version "0.29.1"
  resolved "https://github.com/palantir/plottable.git#3038243c988c4c711ec3de2a7efed9a9997e675e"

rx@^4.1.0:
  version "4.1.0"
  resolved "https://registry.npmjs.org/rx/-/rx-4.1.0.tgz"
  integrity sha512-CiaiuN6gapkdl+cZUr67W6I8jquN4lkak3vtIsIWCl4XIPP8ffsoyN6/+PuGXnQy8Cu8W2y9Xxh31Rq4M6wUug==

tr46@~0.0.3:
  version "0.0.3"
  resolved "https://registry.npmjs.org/tr46/-/tr46-0.0.3.tgz"
  integrity sha512-N3WMsuqV66lT30CrXNbEjx4GEwlow3v6rr4mCcv6prnfwhS01rkgyFdjPNBYd9br7LpXV1+Emh01fHnq2Gdgrw==

webidl-conversions@^3.0.0:
  version "3.0.1"
  resolved "https://registry.npmjs.org/webidl-conversions/-/webidl-conversions-3.0.1.tgz"
  integrity sha512-2JAn3z8AR6rjK8Sm8orRC0h/bcl/DqL7tRPdGZ4I1CjdF+EaMLmYxBHyXuKL849eucPFhvBoxMsflfOb8kxaeQ==

whatwg-fetch@^1.0.0:
  version "1.1.1"
  resolved "https://registry.npmjs.org/whatwg-fetch/-/whatwg-fetch-1.1.1.tgz"
  integrity sha512-MVDSiH8wkh6qdk+zxNlUas0pmuKVp8H5RwQZM2tGQhenUC+/nUBmJerAg/lFd3DPYrF2e6ArdaD2JpbGjM9oww==

whatwg-url@^5.0.0:
  version "5.0.0"
  resolved "https://registry.npmjs.org/whatwg-url/-/whatwg-url-5.0.0.tgz"
  integrity sha512-saE57nupxk6v3HY35+jzBwYa0rKSy0XR8JSxZPwgLr7ys0IBzhGviA1/TUGJLmSVqs8pb9AnvICXEuOHLprYTw==
  dependencies:
    tr46 "~0.0.3"
    webidl-conversions "^3.0.0"
