# This file is generated by running "yarn install" inside your project.
# Manual changes might be lost - proceed with caution!

__metadata:
  version: 6
  cacheKey: 8

"bower.github.io@workspace:.":
  version: 0.0.0-use.local
  resolution: "bower.github.io@workspace:."
  dependencies:
    cross-fetch: ^3.0.2
    d3: ^3.5.17
    es6-promise: ^3.2.1
    lodash: ^4.13.1
    mark.js: ^8.11.1
    mustache: ^2.2.1
    normalize.css: 3.0.3
    plottable: "palantir/plottable#3038243c9"
    rx: ^4.1.0
    whatwg-fetch: ^1.0.0
  languageName: unknown
  linkType: soft

"cross-fetch@npm:^3.0.2":
  version: 3.0.4
  resolution: "cross-fetch@npm:3.0.4"
  dependencies:
    node-fetch: 2.6.0
    whatwg-fetch: 3.0.0
  checksum: beea2f418be32544f8e7acd66ecea67f1d88efd0188a26bccfe0d2fe3b5a9d044aa329c23eadea5f1e25c15d56b7a956c3edc5ec1c2bfa5cb293e01932e9b2c0
  languageName: node
  linkType: hard

"d3@npm:^3.5.17":
  version: 3.5.17
  resolution: "d3@npm:3.5.17"
  checksum: 79b59275c36fa35a0af55f326bb56d65e14d71d44e96cbd05af767000af63c3ab8b3f479e2c25281afff7ba3f5858e272ded081e5d33807b005f217c4bfbd82d
  languageName: node
  linkType: hard

"es6-promise@npm:^3.2.1":
  version: 3.3.1
  resolution: "es6-promise@npm:3.3.1"
  checksum: ce4044009c2b78db18b15212338eb711cd8a4d485961bc9ec18bb24e8c1e91c96d3295b0fcf63066fc0fa1b0ade36da05e6657827d4336dece382be2429b8398
  languageName: node
  linkType: hard

"lodash@npm:^4.13.1":
  version: 4.17.15
  resolution: "lodash@npm:4.17.15"
  checksum: bb689bc88c0645b7002a045cdbe32292ae51d5d2a6f6a5272cb5a5ace9b06700bb3d30c6be6ecfae9a70f9c943f60e90765033fc7ff706cf9219374eeda314ad
  languageName: node
  linkType: hard

"mark.js@npm:^8.11.1":
  version: 8.11.1
  resolution: "mark.js@npm:8.11.1"
  checksum: aa6b9ae1c67245348d5b7abd253ef2acd6bb05c6be358d7d192416d964e42665fc10e0e865591c6f93ab9b57e8da1f23c23216e8ebddb580905ea7a0c0df15d4
  languageName: node
  linkType: hard

"mustache@npm:^2.2.1":
  version: 2.3.2
  resolution: "mustache@npm:2.3.2"
  bin:
    mustache: ./bin/mustache
  checksum: e3073355fe8efc4c36eb18af9985812aa7ab216d2b07246b407320b0f93acebeae14719ade700e817393c27e2168a4a1092d6c2f65efb3e26f0be84747a81e78
  languageName: node
  linkType: hard

"node-fetch@npm:2.6.0":
  version: 2.6.0
  resolution: "node-fetch@npm:2.6.0"
  checksum: 2b741e9315c1c07df4a291d0b304892fa7e8d623fe789fedd53f9bcb8d09102b07591b4b93e552a65dfc457eee9d5d879d0440aefdb64f2d78e7cb78cbad28e9
  languageName: node
  linkType: hard

"normalize.css@npm:3.0.3":
  version: 3.0.3
  resolution: "normalize.css@npm:3.0.3"
  checksum: 0844d696c51105b1f6b7e89192537929fccc76d77aed26607a320ddf9c7673cb008b0b87f6e8a22efc5d22ee0fcaac737b1a0af1d0d6d415cb4e453a4467c063
  languageName: node
  linkType: hard

"plottable@palantir/plottable#3038243c9":
  version: 0.29.1
  resolution: "plottable@https://github.com/palantir/plottable.git#commit=3038243c988c4c711ec3de2a7efed9a9997e675e"
  checksum: bc8a713e5fade71a54967e5590b8bb5e2d30190c6c4af11815d31b00e0d60739e16ce1f7d601f5ae7dfdd282cc3f44e559d20821562ee271510ea89d5a2c4c18
  languageName: node
  linkType: hard

"rx@npm:^4.1.0":
  version: 4.1.0
  resolution: "rx@npm:4.1.0"
  checksum: 64edd278f2e32361bdbaa44bd503e2d1caf1331cece2db87852925b4f58f407563d879ce9df0ac2a593b4588c552437e18bbd53ea361f0b3f2f274a7a5cc4c21
  languageName: node
  linkType: hard

"whatwg-fetch@npm:3.0.0":
  version: 3.0.0
  resolution: "whatwg-fetch@npm:3.0.0"
  checksum: dcb90ab919e742d275c32d397d7480f6981da4c1b49961f0d0a2fa6825325b553fee2d793bc38ed85b9bcc8c50de39802440e2480fe40243067b3dab228c52c3
  languageName: node
  linkType: hard

"whatwg-fetch@npm:^1.0.0":
  version: 1.1.1
  resolution: "whatwg-fetch@npm:1.1.1"
  checksum: 6e27473987150e8c3d5402556a1beffed64af889f8910e7c5b9c0948a61313681771a8cef0055f92b341d00d0e7fe28af9b212b0f5c7a7725dd4c26d109679b8
  languageName: node
  linkType: hard
